
Microsoft Visual Studio Solution File, Format Version 11.00
# Visual Studio 2010
Project("{FAE04EC0-301F-11D3-BF4B-00C04F79EFBC}") = "Core", "Core.csproj", "{d27009ae-3193-f8af-390e-dd41488306a8}"
EndProject
Project("{FAE04EC0-301F-11D3-BF4B-00C04F79EFBC}") = "GameModels", "GameModels.csproj", "{48083170-81bf-ae02-c73e-71b5e366e183}"
EndProject
Project("{FAE04EC0-301F-11D3-BF4B-00C04F79EFBC}") = "MetaGame", "MetaGame.csproj", "{f1e187bd-7784-2d0b-4b33-b6c522e081a8}"
EndProject
Project("{FAE04EC0-301F-11D3-BF4B-00C04F79EFBC}") = "Data", "Data.csproj", "{867fbfa0-6e85-718a-6087-90f0edce084c}"
EndProject
Project("{FAE04EC0-301F-11D3-BF4B-00C04F79EFBC}") = "Assembly-CSharp", "Assembly-CSharp.csproj", "{37b82f40-ec99-0b96-a8db-a5779b718966}"
EndProject
Project("{FAE04EC0-301F-11D3-BF4B-00C04F79EFBC}") = "Presenters", "Presenters.csproj", "{dae347c8-07d4-cc04-702f-85f7abfb4303}"
EndProject
Project("{FAE04EC0-301F-11D3-BF4B-00C04F79EFBC}") = "Assembly-CSharp-Editor", "Assembly-CSharp-Editor.csproj", "{45267a94-6e62-1b1d-35ea-909d69e0b317}"
EndProject
Project("{FAE04EC0-301F-11D3-BF4B-00C04F79EFBC}") = "Edit", "Edit.csproj", "{009d3d41-fb70-3241-606b-97ffd81499f2}"
EndProject
Global
	GlobalSection(SolutionConfigurationPlatforms) = preSolution
		Debug|Any CPU = Debug|Any CPU
		Release|Any CPU = Release|Any CPU
	EndGlobalSection
	GlobalSection(ProjectConfigurationPlatforms) = postSolution
		{d27009ae-3193-f8af-390e-dd41488306a8}.Debug|Any CPU.ActiveCfg = Debug|Any CPU
		{d27009ae-3193-f8af-390e-dd41488306a8}.Debug|Any CPU.Build.0 = Debug|Any CPU
		{d27009ae-3193-f8af-390e-dd41488306a8}.Release|Any CPU.ActiveCfg = Release|Any CPU
		{d27009ae-3193-f8af-390e-dd41488306a8}.Release|Any CPU.Build.0 = Release|Any CPU
		{48083170-81bf-ae02-c73e-71b5e366e183}.Debug|Any CPU.ActiveCfg = Debug|Any CPU
		{48083170-81bf-ae02-c73e-71b5e366e183}.Debug|Any CPU.Build.0 = Debug|Any CPU
		{48083170-81bf-ae02-c73e-71b5e366e183}.Release|Any CPU.ActiveCfg = Release|Any CPU
		{48083170-81bf-ae02-c73e-71b5e366e183}.Release|Any CPU.Build.0 = Release|Any CPU
		{f1e187bd-7784-2d0b-4b33-b6c522e081a8}.Debug|Any CPU.ActiveCfg = Debug|Any CPU
		{f1e187bd-7784-2d0b-4b33-b6c522e081a8}.Debug|Any CPU.Build.0 = Debug|Any CPU
		{f1e187bd-7784-2d0b-4b33-b6c522e081a8}.Release|Any CPU.ActiveCfg = Release|Any CPU
		{f1e187bd-7784-2d0b-4b33-b6c522e081a8}.Release|Any CPU.Build.0 = Release|Any CPU
		{867fbfa0-6e85-718a-6087-90f0edce084c}.Debug|Any CPU.ActiveCfg = Debug|Any CPU
		{867fbfa0-6e85-718a-6087-90f0edce084c}.Debug|Any CPU.Build.0 = Debug|Any CPU
		{867fbfa0-6e85-718a-6087-90f0edce084c}.Release|Any CPU.ActiveCfg = Release|Any CPU
		{867fbfa0-6e85-718a-6087-90f0edce084c}.Release|Any CPU.Build.0 = Release|Any CPU
		{37b82f40-ec99-0b96-a8db-a5779b718966}.Debug|Any CPU.ActiveCfg = Debug|Any CPU
		{37b82f40-ec99-0b96-a8db-a5779b718966}.Debug|Any CPU.Build.0 = Debug|Any CPU
		{37b82f40-ec99-0b96-a8db-a5779b718966}.Release|Any CPU.ActiveCfg = Release|Any CPU
		{37b82f40-ec99-0b96-a8db-a5779b718966}.Release|Any CPU.Build.0 = Release|Any CPU
		{dae347c8-07d4-cc04-702f-85f7abfb4303}.Debug|Any CPU.ActiveCfg = Debug|Any CPU
		{dae347c8-07d4-cc04-702f-85f7abfb4303}.Debug|Any CPU.Build.0 = Debug|Any CPU
		{dae347c8-07d4-cc04-702f-85f7abfb4303}.Release|Any CPU.ActiveCfg = Release|Any CPU
		{dae347c8-07d4-cc04-702f-85f7abfb4303}.Release|Any CPU.Build.0 = Release|Any CPU
		{45267a94-6e62-1b1d-35ea-909d69e0b317}.Debug|Any CPU.ActiveCfg = Debug|Any CPU
		{45267a94-6e62-1b1d-35ea-909d69e0b317}.Debug|Any CPU.Build.0 = Debug|Any CPU
		{45267a94-6e62-1b1d-35ea-909d69e0b317}.Release|Any CPU.ActiveCfg = Release|Any CPU
		{45267a94-6e62-1b1d-35ea-909d69e0b317}.Release|Any CPU.Build.0 = Release|Any CPU
		{009d3d41-fb70-3241-606b-97ffd81499f2}.Debug|Any CPU.ActiveCfg = Debug|Any CPU
		{009d3d41-fb70-3241-606b-97ffd81499f2}.Debug|Any CPU.Build.0 = Debug|Any CPU
		{009d3d41-fb70-3241-606b-97ffd81499f2}.Release|Any CPU.ActiveCfg = Release|Any CPU
		{009d3d41-fb70-3241-606b-97ffd81499f2}.Release|Any CPU.Build.0 = Release|Any CPU
	EndGlobalSection
	GlobalSection(SolutionProperties) = preSolution
		HideSolutionNode = FALSE
	EndGlobalSection
EndGlobal
